
Microsoft Visual Studio Solution File, Format Version 12.00
# Visual Studio 14
VisualStudioVersion = 14.0.25420.1
MinimumVisualStudioVersion = 10.0.40219.1
Project("{FAE04EC0-301F-11D3-BF4B-00C04F79EFBC}") = "ImageGallery", "ImageGallery\ImageGallery.csproj", "{87917B5D-4217-4A3B-9E47-16783D94C663}"
EndProject
Project("{FAE04EC0-301F-11D3-BF4B-00C04F79EFBC}") = "ImageGallery.Tests", "ImageGallery.Tests\ImageGallery.Tests.csproj", "{F2D5C660-EF6D-446A-92EA-11742A133B79}"
EndProject
Project("{FAE04EC0-301F-11D3-BF4B-00C04F79EFBC}") = "ImageGallery.ApiDataAccess", "ImageGallery.ApiDataAccess\ImageGallery.ApiDataAccess.csproj", "{7DD49146-3AFE-4918-A73D-B97C5BFF405E}"
EndProject
Project("{FAE04EC0-301F-11D3-BF4B-00C04F79EFBC}") = "ImageGallery.GenericDataAccess", "ImageGallery.GenericDataAccess\ImageGallery.GenericDataAccess.csproj", "{919DE90C-5AA4-4009-A511-D11F92B6EA8F}"
EndProject
Global
	GlobalSection(SolutionConfigurationPlatforms) = preSolution
		Debug|Any CPU = Debug|Any CPU
		Release|Any CPU = Release|Any CPU
	EndGlobalSection
	GlobalSection(ProjectConfigurationPlatforms) = postSolution
		{87917B5D-4217-4A3B-9E47-16783D94C663}.Debug|Any CPU.ActiveCfg = Debug|Any CPU
		{87917B5D-4217-4A3B-9E47-16783D94C663}.Debug|Any CPU.Build.0 = Debug|Any CPU
		{87917B5D-4217-4A3B-9E47-16783D94C663}.Release|Any CPU.ActiveCfg = Release|Any CPU
		{87917B5D-4217-4A3B-9E47-16783D94C663}.Release|Any CPU.Build.0 = Release|Any CPU
		{F2D5C660-EF6D-446A-92EA-11742A133B79}.Debug|Any CPU.ActiveCfg = Debug|Any CPU
		{F2D5C660-EF6D-446A-92EA-11742A133B79}.Debug|Any CPU.Build.0 = Debug|Any CPU
		{F2D5C660-EF6D-446A-92EA-11742A133B79}.Release|Any CPU.ActiveCfg = Release|Any CPU
		{F2D5C660-EF6D-446A-92EA-11742A133B79}.Release|Any CPU.Build.0 = Release|Any CPU
		{7DD49146-3AFE-4918-A73D-B97C5BFF405E}.Debug|Any CPU.ActiveCfg = Debug|Any CPU
		{7DD49146-3AFE-4918-A73D-B97C5BFF405E}.Debug|Any CPU.Build.0 = Debug|Any CPU
		{7DD49146-3AFE-4918-A73D-B97C5BFF405E}.Release|Any CPU.ActiveCfg = Release|Any CPU
		{7DD49146-3AFE-4918-A73D-B97C5BFF405E}.Release|Any CPU.Build.0 = Release|Any CPU
		{919DE90C-5AA4-4009-A511-D11F92B6EA8F}.Debug|Any CPU.ActiveCfg = Debug|Any CPU
		{919DE90C-5AA4-4009-A511-D11F92B6EA8F}.Debug|Any CPU.Build.0 = Debug|Any CPU
		{919DE90C-5AA4-4009-A511-D11F92B6EA8F}.Release|Any CPU.ActiveCfg = Release|Any CPU
		{919DE90C-5AA4-4009-A511-D11F92B6EA8F}.Release|Any CPU.Build.0 = Release|Any CPU
	EndGlobalSection
	GlobalSection(SolutionProperties) = preSolution
		HideSolutionNode = FALSE
	EndGlobalSection
EndGlobal
